
Microsoft Visual Studio Solution File, Format Version 12.00
Project("{FAE04EC0-301F-11D3-BF4B-00C04F79EFBC}") = "OpenAbility.Logging", "OpenAbility.Logging\OpenAbility.Logging.csproj", "{8DEEB23C-C4F4-4079-BCD5-6F637D8A45EE}"
EndProject
Global
	GlobalSection(SolutionConfigurationPlatforms) = preSolution
		Debug|Any CPU = Debug|Any CPU
		Release|Any CPU = Release|Any CPU
	EndGlobalSection
	GlobalSection(ProjectConfigurationPlatforms) = postSolution
		{8DEEB23C-C4F4-4079-BCD5-6F637D8A45EE}.Debug|Any CPU.ActiveCfg = Debug|Any CPU
		{8DEEB23C-C4F4-4079-BCD5-6F637D8A45EE}.Debug|Any CPU.Build.0 = Debug|Any CPU
		{8DEEB23C-C4F4-4079-BCD5-6F637D8A45EE}.Release|Any CPU.ActiveCfg = Release|Any CPU
		{8DEEB23C-C4F4-4079-BCD5-6F637D8A45EE}.Release|Any CPU.Build.0 = Release|Any CPU
	EndGlobalSection
EndGlobal
